
Microsoft Visual Studio Solution File, Format Version 12.00
# Visual Studio 15
VisualStudioVersion = 15.0.27004.2010
MinimumVisualStudioVersion = 10.0.40219.1
Project("{9A19103F-16F7-4668-BE54-9A1E7A4F7556}") = "CoreWebAPIAdventure", "CoreWebAPIAdventure\CoreWebAPIAdventure.csproj", "{BAB967E2-38DA-4A4C-A45F-269FA9C2485D}"
EndProject
Project("{9A19103F-16F7-4668-BE54-9A1E7A4F7556}") = "CoreWebAPIAdventure.DataModel", "CoreWebAPIAdventure.DataModel\CoreWebAPIAdventure.DataModel.csproj", "{5D4661F4-7889-4175-A802-5AA324A8A5E7}"
EndProject
Project("{9A19103F-16F7-4668-BE54-9A1E7A4F7556}") = "CoreWebAPIAdventure.Repository", "CoreWebAPIAdventure.Repository\CoreWebAPIAdventure.Repository.csproj", "{F57611B6-8A83-49F6-BD43-E79CE62BE7B2}"
EndProject
Project("{FAE04EC0-301F-11D3-BF4B-00C04F79EFBC}") = "CoreWebAPIAdventure.Tests", "CoreWebAPIAdventure.Tests\CoreWebAPIAdventure.Tests.csproj", "{FD60626A-8335-4EA3-8E91-F0A4B08FEF44}"
EndProject
Project("{FAE04EC0-301F-11D3-BF4B-00C04F79EFBC}") = "CoreWebAPIAdventure.Repository.Tests", "CoreWebAPIAdventure.Repository.Tests\CoreWebAPIAdventure.Repository.Tests.csproj", "{9A1D9FEE-E5C0-4981-8542-D00475B56307}"
EndProject
Global
	GlobalSection(SolutionConfigurationPlatforms) = preSolution
		Debug|Any CPU = Debug|Any CPU
		Release|Any CPU = Release|Any CPU
	EndGlobalSection
	GlobalSection(ProjectConfigurationPlatforms) = postSolution
		{BAB967E2-38DA-4A4C-A45F-269FA9C2485D}.Debug|Any CPU.ActiveCfg = Debug|Any CPU
		{BAB967E2-38DA-4A4C-A45F-269FA9C2485D}.Debug|Any CPU.Build.0 = Debug|Any CPU
		{BAB967E2-38DA-4A4C-A45F-269FA9C2485D}.Release|Any CPU.ActiveCfg = Release|Any CPU
		{BAB967E2-38DA-4A4C-A45F-269FA9C2485D}.Release|Any CPU.Build.0 = Release|Any CPU
		{5D4661F4-7889-4175-A802-5AA324A8A5E7}.Debug|Any CPU.ActiveCfg = Debug|Any CPU
		{5D4661F4-7889-4175-A802-5AA324A8A5E7}.Debug|Any CPU.Build.0 = Debug|Any CPU
		{5D4661F4-7889-4175-A802-5AA324A8A5E7}.Release|Any CPU.ActiveCfg = Release|Any CPU
		{5D4661F4-7889-4175-A802-5AA324A8A5E7}.Release|Any CPU.Build.0 = Release|Any CPU
		{F57611B6-8A83-49F6-BD43-E79CE62BE7B2}.Debug|Any CPU.ActiveCfg = Debug|Any CPU
		{F57611B6-8A83-49F6-BD43-E79CE62BE7B2}.Debug|Any CPU.Build.0 = Debug|Any CPU
		{F57611B6-8A83-49F6-BD43-E79CE62BE7B2}.Release|Any CPU.ActiveCfg = Release|Any CPU
		{F57611B6-8A83-49F6-BD43-E79CE62BE7B2}.Release|Any CPU.Build.0 = Release|Any CPU
		{FD60626A-8335-4EA3-8E91-F0A4B08FEF44}.Debug|Any CPU.ActiveCfg = Debug|Any CPU
		{FD60626A-8335-4EA3-8E91-F0A4B08FEF44}.Debug|Any CPU.Build.0 = Debug|Any CPU
		{FD60626A-8335-4EA3-8E91-F0A4B08FEF44}.Release|Any CPU.ActiveCfg = Release|Any CPU
		{FD60626A-8335-4EA3-8E91-F0A4B08FEF44}.Release|Any CPU.Build.0 = Release|Any CPU
		{9A1D9FEE-E5C0-4981-8542-D00475B56307}.Debug|Any CPU.ActiveCfg = Debug|Any CPU
		{9A1D9FEE-E5C0-4981-8542-D00475B56307}.Debug|Any CPU.Build.0 = Debug|Any CPU
		{9A1D9FEE-E5C0-4981-8542-D00475B56307}.Release|Any CPU.ActiveCfg = Release|Any CPU
		{9A1D9FEE-E5C0-4981-8542-D00475B56307}.Release|Any CPU.Build.0 = Release|Any CPU
	EndGlobalSection
	GlobalSection(SolutionProperties) = preSolution
		HideSolutionNode = FALSE
	EndGlobalSection
	GlobalSection(ExtensibilityGlobals) = postSolution
		SolutionGuid = {ACEF0D89-BED2-42F3-BE3F-40CBA2A97142}
	EndGlobalSection
EndGlobal
